
Microsoft Visual Studio Solution File, Format Version 12.00
# Visual Studio Version 17
VisualStudioVersion = 17.0.32014.148
MinimumVisualStudioVersion = 10.0.40219.1
Project("{FAE04EC0-301F-11D3-BF4B-00C04F79EFBC}") = "Hotel Management System Extended", "Hotel Management System Extended\Hotel Management System Extended.csproj", "{E09B775B-FFCA-4646-852F-1788EFAB0BF0}"
EndProject
Global
	GlobalSection(SolutionConfigurationPlatforms) = preSolution
		Debug|Any CPU = Debug|Any CPU
		Release|Any CPU = Release|Any CPU
	EndGlobalSection
	GlobalSection(ProjectConfigurationPlatforms) = postSolution
		{E09B775B-FFCA-4646-852F-1788EFAB0BF0}.Debug|Any CPU.ActiveCfg = Debug|Any CPU
		{E09B775B-FFCA-4646-852F-1788EFAB0BF0}.Debug|Any CPU.Build.0 = Debug|Any CPU
		{E09B775B-FFCA-4646-852F-1788EFAB0BF0}.Release|Any CPU.ActiveCfg = Release|Any CPU
		{E09B775B-FFCA-4646-852F-1788EFAB0BF0}.Release|Any CPU.Build.0 = Release|Any CPU
	EndGlobalSection
	GlobalSection(SolutionProperties) = preSolution
		HideSolutionNode = FALSE
	EndGlobalSection
	GlobalSection(ExtensibilityGlobals) = postSolution
		SolutionGuid = {4AA9F50A-6EA7-4A99-8121-9C7EAAC24858}
	EndGlobalSection
EndGlobal
